
Microsoft Visual Studio Solution File, Format Version 12.00
# Visual Studio Version 16
VisualStudioVersion = 16.0.29911.84
MinimumVisualStudioVersion = 10.0.40219.1
Project("{9A19103F-16F7-4668-BE54-9A1E7A4F7556}") = "ABAM", "ABAM\ABAM.csproj", "{FE36E4CB-48AD-49BF-BE6D-230E4BFB50A8}"
EndProject
Project("{FAE04EC0-301F-11D3-BF4B-00C04F79EFBC}") = "LeagueClientListener", "LeagueClientListener\LeagueClientListener.csproj", "{680490A4-9CAB-4CAA-BEC5-D4B7E32E191D}"
EndProject
Global
	GlobalSection(SolutionConfigurationPlatforms) = preSolution
		Debug|Any CPU = Debug|Any CPU
		Release|Any CPU = Release|Any CPU
	EndGlobalSection
	GlobalSection(ProjectConfigurationPlatforms) = postSolution
		{FE36E4CB-48AD-49BF-BE6D-230E4BFB50A8}.Debug|Any CPU.ActiveCfg = Debug|Any CPU
		{FE36E4CB-48AD-49BF-BE6D-230E4BFB50A8}.Debug|Any CPU.Build.0 = Debug|Any CPU
		{FE36E4CB-48AD-49BF-BE6D-230E4BFB50A8}.Release|Any CPU.ActiveCfg = Release|Any CPU
		{FE36E4CB-48AD-49BF-BE6D-230E4BFB50A8}.Release|Any CPU.Build.0 = Release|Any CPU
		{680490A4-9CAB-4CAA-BEC5-D4B7E32E191D}.Debug|Any CPU.ActiveCfg = Debug|Any CPU
		{680490A4-9CAB-4CAA-BEC5-D4B7E32E191D}.Debug|Any CPU.Build.0 = Debug|Any CPU
		{680490A4-9CAB-4CAA-BEC5-D4B7E32E191D}.Release|Any CPU.ActiveCfg = Release|Any CPU
		{680490A4-9CAB-4CAA-BEC5-D4B7E32E191D}.Release|Any CPU.Build.0 = Release|Any CPU
	EndGlobalSection
	GlobalSection(SolutionProperties) = preSolution
		HideSolutionNode = FALSE
	EndGlobalSection
	GlobalSection(ExtensibilityGlobals) = postSolution
		SolutionGuid = {B200DFD1-4E64-41CF-995B-334B83D67E37}
	EndGlobalSection
EndGlobal
